// !$*UTF8*$!
{
	archiveVersion = 1;
	classes = {
	};
	objectVersion = 50;
	objects = {

/* Begin PBXBuildFile section */
		927D974D2435D80100D7A826 /* AppDelegate.m in Sources */ = {isa = PBXBuildFile; fileRef = 927D974C2435D80100D7A826 /* AppDelegate.m */; };
		927D97502435D80100D7A826 /* SceneDelegate.m in Sources */ = {isa = PBXBuildFile; fileRef = 927D974F2435D80100D7A826 /* SceneDelegate.m */; };
		927D97582435D80700D7A826 /* Assets.xcassets in Resources */ = {isa = PBXBuildFile; fileRef = 927D97572435D80700D7A826 /* Assets.xcassets */; };
		927D975B2435D80700D7A826 /* LaunchScreen.storyboard in Resources */ = {isa = PBXBuildFile; fileRef = 927D97592435D80700D7A826 /* LaunchScreen.storyboard */; };
		927D975E2435D80700D7A826 /* main.m in Sources */ = {isa = PBXBuildFile; fileRef = 927D975D2435D80700D7A826 /* main.m */; };
		927D97662435D8BF00D7A826 /* MainVC.m in Sources */ = {isa = PBXBuildFile; fileRef = 927D97652435D8BF00D7A826 /* MainVC.m */; };
		927D976A2435D8F500D7A826 /* MiddleVC.m in Sources */ = {isa = PBXBuildFile; fileRef = 927D97692435D8F500D7A826 /* MiddleVC.m */; };
		927D976D2435D91900D7A826 /* LastVC.m in Sources */ = {isa = PBXBuildFile; fileRef = 927D976C2435D91900D7A826 /* LastVC.m */; };
/* End PBXBuildFile section */

/* Begin PBXFileReference section */
		927D97482435D80100D7A826 /* OC_Demo.app */ = {isa = PBXFileReference; explicitFileType = wrapper.application; includeInIndex = 0; path = OC_Demo.app; sourceTree = BUILT_PRODUCTS_DIR; };
		927D974B2435D80100D7A826 /* AppDelegate.h */ = {isa = PBXFileReference; lastKnownFileType = sourcecode.c.h; path = AppDelegate.h; sourceTree = "<group>"; };
		927D974C2435D80100D7A826 /* AppDelegate.m */ = {isa = PBXFileReference; lastKnownFileType = sourcecode.c.objc; path = AppDelegate.m; sourceTree = "<group>"; };
		927D974E2435D80100D7A826 /* SceneDelegate.h */ = {isa = PBXFileReference; lastKnownFileType = sourcecode.c.h; path = SceneDelegate.h; sourceTree = "<group>"; };
		927D974F2435D80100D7A826 /* SceneDelegate.m */ = {isa = PBXFileReference; lastKnownFileType = sourcecode.c.objc; path = SceneDelegate.m; sourceTree = "<group>"; };
		927D97572435D80700D7A826 /* Assets.xcassets */ = {isa = PBXFileReference; lastKnownFileType = folder.assetcatalog; path = Assets.xcassets; sourceTree = "<group>"; };
		927D975A2435D80700D7A826 /* Base */ = {isa = PBXFileReference; lastKnownFileType = file.storyboard; name = Base; path = Base.lproj/LaunchScreen.storyboard; sourceTree = "<group>"; };
		927D975C2435D80700D7A826 /* Info.plist */ = {isa = PBXFileReference; lastKnownFileType = text.plist.xml; path = Info.plist; sourceTree = "<group>"; };
		927D975D2435D80700D7A826 /* main.m */ = {isa = PBXFileReference; lastKnownFileType = sourcecode.c.objc; path = main.m; sourceTree = "<group>"; };
		927D97642435D8BF00D7A826 /* MainVC.h */ = {isa = PBXFileReference; lastKnownFileType = sourcecode.c.h; path = MainVC.h; sourceTree = "<group>"; };
		927D97652435D8BF00D7A826 /* MainVC.m */ = {isa = PBXFileReference; lastKnownFileType = sourcecode.c.objc; path = MainVC.m; sourceTree = "<group>"; };
		927D97682435D8F500D7A826 /* MiddleVC.h */ = {isa = PBXFileReference; lastKnownFileType = sourcecode.c.h; path = MiddleVC.h; sourceTree = "<group>"; };
		927D97692435D8F500D7A826 /* MiddleVC.m */ = {isa = PBXFileReference; lastKnownFileType = sourcecode.c.objc; path = MiddleVC.m; sourceTree = "<group>"; };
		927D976B2435D91900D7A826 /* LastVC.h */ = {isa = PBXFileReference; lastKnownFileType = sourcecode.c.h; path = LastVC.h; sourceTree = "<group>"; };
		927D976C2435D91900D7A826 /* LastVC.m */ = {isa = PBXFileReference; lastKnownFileType = sourcecode.c.objc; path = LastVC.m; sourceTree = "<group>"; };
/* End PBXFileReference section */

/* Begin PBXFrameworksBuildPhase section */
		927D97452435D80100D7A826 /* Frameworks */ = {
			isa = PBXFrameworksBuildPhase;
			buildActionMask = 2147483647;
			files = (
			);
			runOnlyForDeploymentPostprocessing = 0;
		};
/* End PBXFrameworksBuildPhase section */

/* Begin PBXGroup section */
		927D973F2435D80100D7A826 = {
			isa = PBXGroup;
			children = (
				927D974A2435D80100D7A826 /* OC_Demo */,
				927D97492435D80100D7A826 /* Products */,
			);
			sourceTree = "<group>";
		};
		927D97492435D80100D7A826 /* Products */ = {
			isa = PBXGroup;
			children = (
				927D97482435D80100D7A826 /* OC_Demo.app */,
			);
			name = Products;
			sourceTree = "<group>";
		};
		927D974A2435D80100D7A826 /* OC_Demo */ = {
			isa = PBXGroup;
			children = (
				927D974B2435D80100D7A826 /* AppDelegate.h */,
				927D974C2435D80100D7A826 /* AppDelegate.m */,
				927D974E2435D80100D7A826 /* SceneDelegate.h */,
				927D974F2435D80100D7A826 /* SceneDelegate.m */,
				927D975C2435D80700D7A826 /* Info.plist */,
				927D97642435D8BF00D7A826 /* MainVC.h */,
				927D97652435D8BF00D7A826 /* MainVC.m */,
				927D97682435D8F500D7A826 /* MiddleVC.h */,
				927D97692435D8F500D7A826 /* MiddleVC.m */,
				927D976B2435D91900D7A826 /* LastVC.h */,
				927D976C2435D91900D7A826 /* LastVC.m */,
				927D97672435D8C500D7A826 /* Supporting Files */,
			);
			path = OC_Demo;
			sourceTree = "<group>";
		};
		927D97672435D8C500D7A826 /* Supporting Files */ = {
			isa = PBXGroup;
			children = (
				927D975D2435D80700D7A826 /* main.m */,
				927D97572435D80700D7A826 /* Assets.xcassets */,
				927D97592435D80700D7A826 /* LaunchScreen.storyboard */,
			);
			path = "Supporting Files";
			sourceTree = "<group>";
		};
/* End PBXGroup section */

/* Begin PBXNativeTarget section */
		927D97472435D80100D7A826 /* OC_Demo */ = {
			isa = PBXNativeTarget;
			buildConfigurationList = 927D97612435D80700D7A826 /* Build configuration list for PBXNativeTarget "OC_Demo" */;
			buildPhases = (
				927D97442435D80100D7A826 /* Sources */,
				927D97452435D80100D7A826 /* Frameworks */,
				927D97462435D80100D7A826 /* Resources */,
			);
			buildRules = (
			);
			dependencies = (
			);
			name = OC_Demo;
			productName = OC_Demo;
			productReference = 927D97482435D80100D7A826 /* OC_Demo.app */;
			productType = "com.apple.product-type.application";
		};
/* End PBXNativeTarget section */

/* Begin PBXProject section */
		927D97402435D80100D7A826 /* Project object */ = {
			isa = PBXProject;
			attributes = {
				LastUpgradeCheck = 1140;
				ORGANIZATIONNAME = "Anthony Zhang";
				TargetAttributes = {
					927D97472435D80100D7A826 = {
						CreatedOnToolsVersion = 11.4;
					};
				};
			};
			buildConfigurationList = 927D97432435D80100D7A826 /* Build configuration list for PBXProject "OC_Demo" */;
			compatibilityVersion = "Xcode 9.3";
			developmentRegion = en;
			hasScannedForEncodings = 0;
			knownRegions = (
				en,
				Base,
			);
			mainGroup = 927D973F2435D80100D7A826;
			productRefGroup = 927D97492435D80100D7A826 /* Products */;
			projectDirPath = "";
			projectRoot = "";
			targets = (
				927D97472435D80100D7A826 /* OC_Demo */,
			);
		};
/* End PBXProject section */

/* Begin PBXResourcesBuildPhase section */
		927D97462435D80100D7A826 /* Resources */ = {
			isa = PBXResourcesBuildPhase;
			buildActionMask = 2147483647;
			files = (
				927D975B2435D80700D7A826 /* LaunchScreen.storyboard in Resources */,
				927D97582435D80700D7A826 /* Assets.xcassets in Resources */,
			);
			runOnlyForDeploymentPostprocessing = 0;
		};
/* End PBXResourcesBuildPhase section */

/* Begin PBXSourcesBuildPhase section */
		927D97442435D80100D7A826 /* Sources */ = {
			isa = PBXSourcesBuildPhase;
			buildActionMask = 2147483647;
			files = (
				927D976D2435D91900D7A826 /* LastVC.m in Sources */,
				927D974D2435D80100D7A826 /* AppDelegate.m in Sources */,
				927D97662435D8BF00D7A826 /* MainVC.m in Sources */,
				927D975E2435D80700D7A826 /* main.m in Sources */,
				927D97502435D80100D7A826 /* SceneDelegate.m in Sources */,
				927D976A2435D8F500D7A826 /* MiddleVC.m in Sources */,
			);
			runOnlyForDeploymentPostprocessing = 0;
		};
/* End PBXSourcesBuildPhase section */

/* Begin PBXVariantGroup section */
		927D97592435D80700D7A826 /* LaunchScreen.storyboard */ = {
			isa = PBXVariantGroup;
			children = (
				927D975A2435D80700D7A826 /* Base */,
			);
			name = LaunchScreen.storyboard;
			sourceTree = "<group>";
		};
/* End PBXVariantGroup section */

/* Begin XCBuildConfiguration section */
		927D975F2435D80700D7A826 /* Debug */ = {
			isa = XCBuildConfiguration;
			buildSettings = {
				ALWAYS_SEARCH_USER_PATHS = NO;
				CLANG_ANALYZER_NONNULL = YES;
				CLANG_ANALYZER_NUMBER_OBJECT_CONVERSION = YES_AGGRESSIVE;
				CLANG_CXX_LANGUAGE_STANDARD = "gnu++14";
				CLANG_CXX_LIBRARY = "libc++";
				CLANG_ENABLE_MODULES = YES;
				CLANG_ENABLE_OBJC_ARC = YES;
				CLANG_ENABLE_OBJC_WEAK = YES;
				CLANG_WARN_BLOCK_CAPTURE_AUTORELEASING = YES;
				CLANG_WARN_BOOL_CONVERSION = YES;
				CLANG_WARN_COMMA = YES;
				CLANG_WARN_CONSTANT_CONVERSION = YES;
				CLANG_WARN_DEPRECATED_OBJC_IMPLEMENTATIONS = YES;
				CLANG_WARN_DIRECT_OBJC_ISA_USAGE = YES_ERROR;
				CLANG_WARN_DOCUMENTATION_COMMENTS = YES;
				CLANG_WARN_EMPTY_BODY = YES;
				CLANG_WARN_ENUM_CONVERSION = YES;
				CLANG_WARN_INFINITE_RECURSION = YES;
				CLANG_WARN_INT_CONVERSION = YES;
				CLANG_WARN_NON_LITERAL_NULL_CONVERSION = YES;
				CLANG_WARN_OBJC_IMPLICIT_RETAIN_SELF = YES;
				CLANG_WARN_OBJC_LITERAL_CONVERSION = YES;
				CLANG_WARN_OBJC_ROOT_CLASS = YES_ERROR;
				CLANG_WARN_RANGE_LOOP_ANALYSIS = YES;
				CLANG_WARN_STRICT_PROTOTYPES = YES;
				CLANG_WARN_SUSPICIOUS_MOVE = YES;
				CLANG_WARN_UNGUARDED_AVAILABILITY = YES_AGGRESSIVE;
				CLANG_WARN_UNREACHABLE_CODE = YES;
				CLANG_WARN__DUPLICATE_METHOD_MATCH = YES;
				COPY_PHASE_STRIP = NO;
				DEBUG_INFORMATION_FORMAT = dwarf;
				ENABLE_STRICT_OBJC_MSGSEND = YES;
				ENABLE_TESTABILITY = YES;
				GCC_C_LANGUAGE_STANDARD = gnu11;
				GCC_DYNAMIC_NO_PIC = NO;
				GCC_NO_COMMON_BLOCKS = YES;
				GCC_OPTIMIZATION_LEVEL = 0;
				GCC_PREPROCESSOR_DEFINITIONS = (
					"DEBUG=1",
					"$(inherited)",
				);
				GCC_WARN_64_TO_32_BIT_CONVERSION = YES;
				GCC_WARN_ABOUT_RETURN_TYPE = YES_ERROR;
				GCC_WARN_UNDECLARED_SELECTOR = YES;
				GCC_WARN_UNINITIALIZED_AUTOS = YES_AGGRESSIVE;
				GCC_WARN_UNUSED_FUNCTION = YES;
				GCC_WARN_UNUSED_VARIABLE = YES;
				IPHONEOS_DEPLOYMENT_TARGET = 13.4;
				MTL_ENABLE_DEBUG_INFO = INCLUDE_SOURCE;
				MTL_FAST_MATH = YES;
				ONLY_ACTIVE_ARCH = YES;
				SDKROOT = iphoneos;
			};
			name = Debug;
		};
		927D97602435D80700D7A826 /* Release */ = {
			isa = XCBuildConfiguration;
			buildSettings = {
				ALWAYS_SEARCH_USER_PATHS = NO;
				CLANG_ANALYZER_NONNULL = YES;
				CLANG_ANALYZER_NUMBER_OBJECT_CONVERSION = YES_AGGRESSIVE;
				CLANG_CXX_LANGUAGE_STANDARD = "gnu++14";
				CLANG_CXX_LIBRARY = "libc++";
				CLANG_ENABLE_MODULES = YES;
				CLANG_ENABLE_OBJC_ARC = YES;
				CLANG_ENABLE_OBJC_WEAK = YES;
				CLANG_WARN_BLOCK_CAPTURE_AUTORELEASING = YES;
				CLANG_WARN_BOOL_CONVERSION = YES;
				CLANG_WARN_COMMA = YES;
				CLANG_WARN_CONSTANT_CONVERSION = YES;
				CLANG_WARN_DEPRECATED_OBJC_IMPLEMENTATIONS = YES;
				CLANG_WARN_DIRECT_OBJC_ISA_USAGE = YES_ERROR;
				CLANG_WARN_DOCUMENTATION_COMMENTS = YES;
				CLANG_WARN_EMPTY_BODY = YES;
				CLANG_WARN_ENUM_CONVERSION = YES;
				CLANG_WARN_INFINITE_RECURSION = YES;
				CLANG_WARN_INT_CONVERSION = YES;
				CLANG_WARN_NON_LITERAL_NULL_CONVERSION = YES;
				CLANG_WARN_OBJC_IMPLICIT_RETAIN_SELF = YES;
				CLANG_WARN_OBJC_LITERAL_CONVERSION = YES;
				CLANG_WARN_OBJC_ROOT_CLASS = YES_ERROR;
				CLANG_WARN_RANGE_LOOP_ANALYSIS = YES;
				CLANG_WARN_STRICT_PROTOTYPES = YES;
				CLANG_WARN_SUSPICIOUS_MOVE = YES;
				CLANG_WARN_UNGUARDED_AVAILABILITY = YES_AGGRESSIVE;
				CLANG_WARN_UNREACHABLE_CODE = YES;
				CLANG_WARN__DUPLICATE_METHOD_MATCH = YES;
				COPY_PHASE_STRIP = NO;
				DEBUG_INFORMATION_FORMAT = "dwarf-with-dsym";
				ENABLE_NS_ASSERTIONS = NO;
				ENABLE_STRICT_OBJC_MSGSEND = YES;
				GCC_C_LANGUAGE_STANDARD = gnu11;
				GCC_NO_COMMON_BLOCKS = YES;
				GCC_WARN_64_TO_32_BIT_CONVERSION = YES;
				GCC_WARN_ABOUT_RETURN_TYPE = YES_ERROR;
				GCC_WARN_UNDECLARED_SELECTOR = YES;
				GCC_WARN_UNINITIALIZED_AUTOS = YES_AGGRESSIVE;
				GCC_WARN_UNUSED_FUNCTION = YES;
				GCC_WARN_UNUSED_VARIABLE = YES;
				IPHONEOS_DEPLOYMENT_TARGET = 13.4;
				MTL_ENABLE_DEBUG_INFO = NO;
				MTL_FAST_MATH = YES;
				SDKROOT = iphoneos;
				VALIDATE_PRODUCT = YES;
			};
			name = Release;
		};
		927D97622435D80700D7A826 /* Debug */ = {
			isa = XCBuildConfiguration;
			buildSettings = {
				ASSETCATALOG_COMPILER_APPICON_NAME = AppIcon;
				CODE_SIGN_STYLE = Automatic;
				DEVELOPMENT_TEAM = 5FXX6G3M6W;
				INFOPLIST_FILE = OC_Demo/Info.plist;
				LD_RUNPATH_SEARCH_PATHS = (
					"$(inherited)",
					"@executable_path/Frameworks",
				);
				PRODUCT_BUNDLE_IDENTIFIER = "com.anthony.zhang.OC-Demo";
				PRODUCT_NAME = "$(TARGET_NAME)";
				TARGETED_DEVICE_FAMILY = 1;
			};
			name = Debug;
		};
		927D97632435D80700D7A826 /* Release */ = {
			isa = XCBuildConfiguration;
			buildSettings = {
				ASSETCATALOG_COMPILER_APPICON_NAME = AppIcon;
				CODE_SIGN_STYLE = Automatic;
				DEVELOPMENT_TEAM = 5FXX6G3M6W;
				INFOPLIST_FILE = OC_Demo/Info.plist;
				LD_RUNPATH_SEARCH_PATHS = (
					"$(inherited)",
					"@executable_path/Frameworks",
				);
				PRODUCT_BUNDLE_IDENTIFIER = "com.anthony.zhang.OC-Demo";
				PRODUCT_NAME = "$(TARGET_NAME)";
				TARGETED_DEVICE_FAMILY = 1;
			};
			name = Release;
		};
/* End XCBuildConfiguration section */

/* Begin XCConfigurationList section */
		927D97432435D80100D7A826 /* Build configuration list for PBXProject "OC_Demo" */ = {
			isa = XCConfigurationList;
			buildConfigurations = (
				927D975F2435D80700D7A826 /* Debug */,
				927D97602435D80700D7A826 /* Release */,
			);
			defaultConfigurationIsVisible = 0;
			defaultConfigurationName = Release;
		};
		927D97612435D80700D7A826 /* Build configuration list for PBXNativeTarget "OC_Demo" */ = {
			isa = XCConfigurationList;
			buildConfigurations = (
				927D97622435D80700D7A826 /* Debug */,
				927D97632435D80700D7A826 /* Release */,
			);
			defaultConfigurationIsVisible = 0;
			defaultConfigurationName = Release;
		};
/* End XCConfigurationList section */
	};
	rootObject = 927D97402435D80100D7A826 /* Project object */;
}
